
Microsoft Visual Studio Solution File, Format Version 12.00
# Visual Studio Version 17
VisualStudioVersion = 17.5.002.0
MinimumVisualStudioVersion = 10.0.40219.1
Project("{9A19103F-16F7-4668-BE54-9A1E7A4F7556}") = "DesafioPOO", "DesafioPOO.csproj", "{2ACA8A3B-0181-4248-8BF1-AFB7EE077511}"
EndProject
Global
	GlobalSection(SolutionConfigurationPlatforms) = preSolution
		Debug|Any CPU = Debug|Any CPU
		Release|Any CPU = Release|Any CPU
	EndGlobalSection
	GlobalSection(ProjectConfigurationPlatforms) = postSolution
		{2ACA8A3B-0181-4248-8BF1-AFB7EE077511}.Debug|Any CPU.ActiveCfg = Debug|Any CPU
		{2ACA8A3B-0181-4248-8BF1-AFB7EE077511}.Debug|Any CPU.Build.0 = Debug|Any CPU
		{2ACA8A3B-0181-4248-8BF1-AFB7EE077511}.Release|Any CPU.ActiveCfg = Release|Any CPU
		{2ACA8A3B-0181-4248-8BF1-AFB7EE077511}.Release|Any CPU.Build.0 = Release|Any CPU
	EndGlobalSection
	GlobalSection(SolutionProperties) = preSolution
		HideSolutionNode = FALSE
	EndGlobalSection
	GlobalSection(ExtensibilityGlobals) = postSolution
		SolutionGuid = {C7E5BC3E-EA01-4568-B6FB-BD2CDA68AD66}
	EndGlobalSection
EndGlobal
